
Microsoft Visual Studio Solution File, Format Version 12.00
# Visual Studio 15
VisualStudioVersion = 15.0.27130.2027
MinimumVisualStudioVersion = 10.0.40219.1
Project("{FAE04EC0-301F-11D3-BF4B-00C04F79EFBC}") = "QuickGather", "QuickGather\QuickGather.csproj", "{1B645373-A4F7-4831-9B72-FB3AA8F1006D}"
EndProject
Global
	GlobalSection(SolutionConfigurationPlatforms) = preSolution
		Debug|x86 = Debug|x86
		Release|x86 = Release|x86
	EndGlobalSection
	GlobalSection(ProjectConfigurationPlatforms) = postSolution
		{1B645373-A4F7-4831-9B72-FB3AA8F1006D}.Debug|x86.ActiveCfg = Debug|x86
		{1B645373-A4F7-4831-9B72-FB3AA8F1006D}.Debug|x86.Build.0 = Debug|x86
		{1B645373-A4F7-4831-9B72-FB3AA8F1006D}.Release|x86.ActiveCfg = Release|x86
		{1B645373-A4F7-4831-9B72-FB3AA8F1006D}.Release|x86.Build.0 = Release|x86
	EndGlobalSection
	GlobalSection(SolutionProperties) = preSolution
		HideSolutionNode = FALSE
	EndGlobalSection
	GlobalSection(ExtensibilityGlobals) = postSolution
		SolutionGuid = {B15C4F4B-59A9-4949-B396-F4D4CAC0FC86}
	EndGlobalSection
EndGlobal
